// !$*UTF8*$!
{
	archiveVersion = 1;
	classes = {
	};
	objectVersion = 50;
	objects = {

/* Begin PBXBuildFile section */
		8E3804DE23A09FBA00870DF7 /* FaceTestViewController.xib in Resources */ = {isa = PBXBuildFile; fileRef = 8E3804DD23A09FBA00870DF7 /* FaceTestViewController.xib */; };
		8E3804E023A09FFD00870DF7 /* FaceTestViewController.swift in Sources */ = {isa = PBXBuildFile; fileRef = 8E3804DF23A09FFD00870DF7 /* FaceTestViewController.swift */; };
		8E6CEC082404F1CB0050BD9C /* images.png in Resources */ = {isa = PBXBuildFile; fileRef = 8E6CEC072404F1CB0050BD9C /* images.png */; };
		8EA24DC723962E0500A9AC00 /* AppDelegate.swift in Sources */ = {isa = PBXBuildFile; fileRef = 8EA24DC623962E0500A9AC00 /* AppDelegate.swift */; };
		8EA24DD023962E0500A9AC00 /* Main.storyboard in Resources */ = {isa = PBXBuildFile; fileRef = 8EA24DCE23962E0500A9AC00 /* Main.storyboard */; };
		8EA24DD223962E0700A9AC00 /* Assets.xcassets in Resources */ = {isa = PBXBuildFile; fileRef = 8EA24DD123962E0700A9AC00 /* Assets.xcassets */; };
		8EA24DD523962E0700A9AC00 /* LaunchScreen.storyboard in Resources */ = {isa = PBXBuildFile; fileRef = 8EA24DD323962E0700A9AC00 /* LaunchScreen.storyboard */; };
		8EA24DDD2396344C00A9AC00 /* .gitignore in Resources */ = {isa = PBXBuildFile; fileRef = 8EA24DDC2396344C00A9AC00 /* .gitignore */; };
		8ED6189023B18383008619EF /* ArmsTestViewController.swift in Sources */ = {isa = PBXBuildFile; fileRef = 8ED6188F23B18383008619EF /* ArmsTestViewController.swift */; };
		8ED6189223B1839F008619EF /* ArmsTestViewController.xib in Resources */ = {isa = PBXBuildFile; fileRef = 8ED6189123B1839F008619EF /* ArmsTestViewController.xib */; };
		8ED6189423B18654008619EF /* SpeakTestViewController.swift in Sources */ = {isa = PBXBuildFile; fileRef = 8ED6189323B18654008619EF /* SpeakTestViewController.swift */; };
		8ED6189623B18662008619EF /* SpeakTestViewController.xib in Resources */ = {isa = PBXBuildFile; fileRef = 8ED6189523B18662008619EF /* SpeakTestViewController.xib */; };
		8ED6189823B18B35008619EF /* TimeTestViewController.swift in Sources */ = {isa = PBXBuildFile; fileRef = 8ED6189723B18B35008619EF /* TimeTestViewController.swift */; };
		8ED6189A23B18B3F008619EF /* TimeTestViewController.xib in Resources */ = {isa = PBXBuildFile; fileRef = 8ED6189923B18B3F008619EF /* TimeTestViewController.xib */; };
		8EF4934623A8A0EE004E1166 /* TestsPageViewController.swift in Sources */ = {isa = PBXBuildFile; fileRef = 8EF4934523A8A0EE004E1166 /* TestsPageViewController.swift */; };
/* End PBXBuildFile section */

/* Begin PBXFileReference section */
		8E3804DD23A09FBA00870DF7 /* FaceTestViewController.xib */ = {isa = PBXFileReference; lastKnownFileType = file.xib; path = FaceTestViewController.xib; sourceTree = "<group>"; };
		8E3804DF23A09FFD00870DF7 /* FaceTestViewController.swift */ = {isa = PBXFileReference; lastKnownFileType = sourcecode.swift; path = FaceTestViewController.swift; sourceTree = "<group>"; };
		8E6CEC072404F1CB0050BD9C /* images.png */ = {isa = PBXFileReference; lastKnownFileType = image.png; path = images.png; sourceTree = "<group>"; };
		8EA24DC323962E0500A9AC00 /* FastrAppiOS.app */ = {isa = PBXFileReference; explicitFileType = wrapper.application; includeInIndex = 0; path = FastrAppiOS.app; sourceTree = BUILT_PRODUCTS_DIR; };
		8EA24DC623962E0500A9AC00 /* AppDelegate.swift */ = {isa = PBXFileReference; lastKnownFileType = sourcecode.swift; path = AppDelegate.swift; sourceTree = "<group>"; };
		8EA24DCF23962E0500A9AC00 /* Base */ = {isa = PBXFileReference; lastKnownFileType = file.storyboard; name = Base; path = Base.lproj/Main.storyboard; sourceTree = "<group>"; };
		8EA24DD123962E0700A9AC00 /* Assets.xcassets */ = {isa = PBXFileReference; lastKnownFileType = folder.assetcatalog; path = Assets.xcassets; sourceTree = "<group>"; };
		8EA24DD423962E0700A9AC00 /* Base */ = {isa = PBXFileReference; lastKnownFileType = file.storyboard; name = Base; path = Base.lproj/LaunchScreen.storyboard; sourceTree = "<group>"; };
		8EA24DD623962E0700A9AC00 /* Info.plist */ = {isa = PBXFileReference; lastKnownFileType = text.plist.xml; path = Info.plist; sourceTree = "<group>"; };
		8EA24DDC2396344C00A9AC00 /* .gitignore */ = {isa = PBXFileReference; lastKnownFileType = text; path = .gitignore; sourceTree = "<group>"; };
		8ED6188F23B18383008619EF /* ArmsTestViewController.swift */ = {isa = PBXFileReference; lastKnownFileType = sourcecode.swift; path = ArmsTestViewController.swift; sourceTree = "<group>"; };
		8ED6189123B1839F008619EF /* ArmsTestViewController.xib */ = {isa = PBXFileReference; lastKnownFileType = file.xib; path = ArmsTestViewController.xib; sourceTree = "<group>"; };
		8ED6189323B18654008619EF /* SpeakTestViewController.swift */ = {isa = PBXFileReference; lastKnownFileType = sourcecode.swift; path = SpeakTestViewController.swift; sourceTree = "<group>"; };
		8ED6189523B18662008619EF /* SpeakTestViewController.xib */ = {isa = PBXFileReference; lastKnownFileType = file.xib; path = SpeakTestViewController.xib; sourceTree = "<group>"; };
		8ED6189723B18B35008619EF /* TimeTestViewController.swift */ = {isa = PBXFileReference; lastKnownFileType = sourcecode.swift; path = TimeTestViewController.swift; sourceTree = "<group>"; };
		8ED6189923B18B3F008619EF /* TimeTestViewController.xib */ = {isa = PBXFileReference; lastKnownFileType = file.xib; path = TimeTestViewController.xib; sourceTree = "<group>"; };
		8EF4934523A8A0EE004E1166 /* TestsPageViewController.swift */ = {isa = PBXFileReference; lastKnownFileType = sourcecode.swift; path = TestsPageViewController.swift; sourceTree = "<group>"; };
/* End PBXFileReference section */

/* Begin PBXFrameworksBuildPhase section */
		8EA24DC023962E0500A9AC00 /* Frameworks */ = {
			isa = PBXFrameworksBuildPhase;
			buildActionMask = 2147483647;
			files = (
			);
			runOnlyForDeploymentPostprocessing = 0;
		};
/* End PBXFrameworksBuildPhase section */

/* Begin PBXGroup section */
		8E3804DC23A09F7500870DF7 /* Face */ = {
			isa = PBXGroup;
			children = (
				8E3804DD23A09FBA00870DF7 /* FaceTestViewController.xib */,
				8E3804DF23A09FFD00870DF7 /* FaceTestViewController.swift */,
			);
			path = Face;
			sourceTree = "<group>";
		};
		8E6CEC062404F1A50050BD9C /* image_assets */ = {
			isa = PBXGroup;
			children = (
				8E6CEC072404F1CB0050BD9C /* images.png */,
			);
			path = image_assets;
			sourceTree = "<group>";
		};
		8EA24DBA23962E0500A9AC00 = {
			isa = PBXGroup;
			children = (
				8E6CEC062404F1A50050BD9C /* image_assets */,
				8EA24DC523962E0500A9AC00 /* FastrAppiOS */,
				8EA24DC423962E0500A9AC00 /* Products */,
			);
			sourceTree = "<group>";
		};
		8EA24DC423962E0500A9AC00 /* Products */ = {
			isa = PBXGroup;
			children = (
				8EA24DC323962E0500A9AC00 /* FastrAppiOS.app */,
			);
			name = Products;
			sourceTree = "<group>";
		};
		8EA24DC523962E0500A9AC00 /* FastrAppiOS */ = {
			isa = PBXGroup;
			children = (
				8EFA328323A97C0900639915 /* Results */,
				8EFA328223A97C0300639915 /* Speak */,
				8EFA328123A97BFC00639915 /* Arms */,
				8E3804DC23A09F7500870DF7 /* Face */,
				8EA24DC623962E0500A9AC00 /* AppDelegate.swift */,
				8EA24DCE23962E0500A9AC00 /* Main.storyboard */,
				8EF4934523A8A0EE004E1166 /* TestsPageViewController.swift */,
				8EA24DDC2396344C00A9AC00 /* .gitignore */,
				8EA24DD123962E0700A9AC00 /* Assets.xcassets */,
				8EA24DD323962E0700A9AC00 /* LaunchScreen.storyboard */,
				8EA24DD623962E0700A9AC00 /* Info.plist */,
			);
			path = FastrAppiOS;
			sourceTree = "<group>";
		};
		8EFA328123A97BFC00639915 /* Arms */ = {
			isa = PBXGroup;
			children = (
				8ED6188F23B18383008619EF /* ArmsTestViewController.swift */,
				8ED6189123B1839F008619EF /* ArmsTestViewController.xib */,
			);
			path = Arms;
			sourceTree = "<group>";
		};
		8EFA328223A97C0300639915 /* Speak */ = {
			isa = PBXGroup;
			children = (
				8ED6189323B18654008619EF /* SpeakTestViewController.swift */,
				8ED6189523B18662008619EF /* SpeakTestViewController.xib */,
			);
			path = Speak;
			sourceTree = "<group>";
		};
		8EFA328323A97C0900639915 /* Results */ = {
			isa = PBXGroup;
			children = (
				8ED6189723B18B35008619EF /* TimeTestViewController.swift */,
				8ED6189923B18B3F008619EF /* TimeTestViewController.xib */,
			);
			path = Results;
			sourceTree = "<group>";
		};
/* End PBXGroup section */

/* Begin PBXNativeTarget section */
		8EA24DC223962E0500A9AC00 /* FastrAppiOS */ = {
			isa = PBXNativeTarget;
			buildConfigurationList = 8EA24DD923962E0700A9AC00 /* Build configuration list for PBXNativeTarget "FastrAppiOS" */;
			buildPhases = (
				8EA24DBF23962E0500A9AC00 /* Sources */,
				8EA24DC023962E0500A9AC00 /* Frameworks */,
				8EA24DC123962E0500A9AC00 /* Resources */,
			);
			buildRules = (
			);
			dependencies = (
			);
			name = FastrAppiOS;
			productName = FastrAppiOS;
			productReference = 8EA24DC323962E0500A9AC00 /* FastrAppiOS.app */;
			productType = "com.apple.product-type.application";
		};
/* End PBXNativeTarget section */

/* Begin PBXProject section */
		8EA24DBB23962E0500A9AC00 /* Project object */ = {
			isa = PBXProject;
			attributes = {
				LastSwiftUpdateCheck = 1030;
				LastUpgradeCheck = 1030;
				ORGANIZATIONNAME = "Deepak Kumar";
				TargetAttributes = {
					8EA24DC223962E0500A9AC00 = {
						CreatedOnToolsVersion = 10.3;
					};
				};
			};
			buildConfigurationList = 8EA24DBE23962E0500A9AC00 /* Build configuration list for PBXProject "FastrAppiOS" */;
			compatibilityVersion = "Xcode 9.3";
			developmentRegion = en;
			hasScannedForEncodings = 0;
			knownRegions = (
				en,
				Base,
			);
			mainGroup = 8EA24DBA23962E0500A9AC00;
			productRefGroup = 8EA24DC423962E0500A9AC00 /* Products */;
			projectDirPath = "";
			projectRoot = "";
			targets = (
				8EA24DC223962E0500A9AC00 /* FastrAppiOS */,
			);
		};
/* End PBXProject section */

/* Begin PBXResourcesBuildPhase section */
		8EA24DC123962E0500A9AC00 /* Resources */ = {
			isa = PBXResourcesBuildPhase;
			buildActionMask = 2147483647;
			files = (
				8E6CEC082404F1CB0050BD9C /* images.png in Resources */,
				8EA24DDD2396344C00A9AC00 /* .gitignore in Resources */,
				8ED6189A23B18B3F008619EF /* TimeTestViewController.xib in Resources */,
				8ED6189623B18662008619EF /* SpeakTestViewController.xib in Resources */,
				8ED6189223B1839F008619EF /* ArmsTestViewController.xib in Resources */,
				8EA24DD523962E0700A9AC00 /* LaunchScreen.storyboard in Resources */,
				8EA24DD223962E0700A9AC00 /* Assets.xcassets in Resources */,
				8E3804DE23A09FBA00870DF7 /* FaceTestViewController.xib in Resources */,
				8EA24DD023962E0500A9AC00 /* Main.storyboard in Resources */,
			);
			runOnlyForDeploymentPostprocessing = 0;
		};
/* End PBXResourcesBuildPhase section */

/* Begin PBXSourcesBuildPhase section */
		8EA24DBF23962E0500A9AC00 /* Sources */ = {
			isa = PBXSourcesBuildPhase;
			buildActionMask = 2147483647;
			files = (
				8EF4934623A8A0EE004E1166 /* TestsPageViewController.swift in Sources */,
				8ED6189823B18B35008619EF /* TimeTestViewController.swift in Sources */,
				8ED6189423B18654008619EF /* SpeakTestViewController.swift in Sources */,
				8E3804E023A09FFD00870DF7 /* FaceTestViewController.swift in Sources */,
				8ED6189023B18383008619EF /* ArmsTestViewController.swift in Sources */,
				8EA24DC723962E0500A9AC00 /* AppDelegate.swift in Sources */,
			);
			runOnlyForDeploymentPostprocessing = 0;
		};
/* End PBXSourcesBuildPhase section */

/* Begin PBXVariantGroup section */
		8EA24DCE23962E0500A9AC00 /* Main.storyboard */ = {
			isa = PBXVariantGroup;
			children = (
				8EA24DCF23962E0500A9AC00 /* Base */,
			);
			name = Main.storyboard;
			sourceTree = "<group>";
		};
		8EA24DD323962E0700A9AC00 /* LaunchScreen.storyboard */ = {
			isa = PBXVariantGroup;
			children = (
				8EA24DD423962E0700A9AC00 /* Base */,
			);
			name = LaunchScreen.storyboard;
			sourceTree = "<group>";
		};
/* End PBXVariantGroup section */

/* Begin XCBuildConfiguration section */
		8EA24DD723962E0700A9AC00 /* Debug */ = {
			isa = XCBuildConfiguration;
			buildSettings = {
				ALWAYS_SEARCH_USER_PATHS = NO;
				CLANG_ANALYZER_NONNULL = YES;
				CLANG_ANALYZER_NUMBER_OBJECT_CONVERSION = YES_AGGRESSIVE;
				CLANG_CXX_LANGUAGE_STANDARD = "gnu++14";
				CLANG_CXX_LIBRARY = "libc++";
				CLANG_ENABLE_MODULES = YES;
				CLANG_ENABLE_OBJC_ARC = YES;
				CLANG_ENABLE_OBJC_WEAK = YES;
				CLANG_WARN_BLOCK_CAPTURE_AUTORELEASING = YES;
				CLANG_WARN_BOOL_CONVERSION = YES;
				CLANG_WARN_COMMA = YES;
				CLANG_WARN_CONSTANT_CONVERSION = YES;
				CLANG_WARN_DEPRECATED_OBJC_IMPLEMENTATIONS = YES;
				CLANG_WARN_DIRECT_OBJC_ISA_USAGE = YES_ERROR;
				CLANG_WARN_DOCUMENTATION_COMMENTS = YES;
				CLANG_WARN_EMPTY_BODY = YES;
				CLANG_WARN_ENUM_CONVERSION = YES;
				CLANG_WARN_INFINITE_RECURSION = YES;
				CLANG_WARN_INT_CONVERSION = YES;
				CLANG_WARN_NON_LITERAL_NULL_CONVERSION = YES;
				CLANG_WARN_OBJC_IMPLICIT_RETAIN_SELF = YES;
				CLANG_WARN_OBJC_LITERAL_CONVERSION = YES;
				CLANG_WARN_OBJC_ROOT_CLASS = YES_ERROR;
				CLANG_WARN_RANGE_LOOP_ANALYSIS = YES;
				CLANG_WARN_STRICT_PROTOTYPES = YES;
				CLANG_WARN_SUSPICIOUS_MOVE = YES;
				CLANG_WARN_UNGUARDED_AVAILABILITY = YES_AGGRESSIVE;
				CLANG_WARN_UNREACHABLE_CODE = YES;
				CLANG_WARN__DUPLICATE_METHOD_MATCH = YES;
				CODE_SIGN_IDENTITY = "iPhone Developer";
				COPY_PHASE_STRIP = NO;
				DEBUG_INFORMATION_FORMAT = dwarf;
				ENABLE_STRICT_OBJC_MSGSEND = YES;
				ENABLE_TESTABILITY = YES;
				GCC_C_LANGUAGE_STANDARD = gnu11;
				GCC_DYNAMIC_NO_PIC = NO;
				GCC_NO_COMMON_BLOCKS = YES;
				GCC_OPTIMIZATION_LEVEL = 0;
				GCC_PREPROCESSOR_DEFINITIONS = (
					"DEBUG=1",
					"$(inherited)",
				);
				GCC_WARN_64_TO_32_BIT_CONVERSION = YES;
				GCC_WARN_ABOUT_RETURN_TYPE = YES_ERROR;
				GCC_WARN_UNDECLARED_SELECTOR = YES;
				GCC_WARN_UNINITIALIZED_AUTOS = YES_AGGRESSIVE;
				GCC_WARN_UNUSED_FUNCTION = YES;
				GCC_WARN_UNUSED_VARIABLE = YES;
				IPHONEOS_DEPLOYMENT_TARGET = 12.4;
				MTL_ENABLE_DEBUG_INFO = INCLUDE_SOURCE;
				MTL_FAST_MATH = YES;
				ONLY_ACTIVE_ARCH = YES;
				SDKROOT = iphoneos;
				SWIFT_ACTIVE_COMPILATION_CONDITIONS = DEBUG;
				SWIFT_OPTIMIZATION_LEVEL = "-Onone";
			};
			name = Debug;
		};
		8EA24DD823962E0700A9AC00 /* Release */ = {
			isa = XCBuildConfiguration;
			buildSettings = {
				ALWAYS_SEARCH_USER_PATHS = NO;
				CLANG_ANALYZER_NONNULL = YES;
				CLANG_ANALYZER_NUMBER_OBJECT_CONVERSION = YES_AGGRESSIVE;
				CLANG_CXX_LANGUAGE_STANDARD = "gnu++14";
				CLANG_CXX_LIBRARY = "libc++";
				CLANG_ENABLE_MODULES = YES;
				CLANG_ENABLE_OBJC_ARC = YES;
				CLANG_ENABLE_OBJC_WEAK = YES;
				CLANG_WARN_BLOCK_CAPTURE_AUTORELEASING = YES;
				CLANG_WARN_BOOL_CONVERSION = YES;
				CLANG_WARN_COMMA = YES;
				CLANG_WARN_CONSTANT_CONVERSION = YES;
				CLANG_WARN_DEPRECATED_OBJC_IMPLEMENTATIONS = YES;
				CLANG_WARN_DIRECT_OBJC_ISA_USAGE = YES_ERROR;
				CLANG_WARN_DOCUMENTATION_COMMENTS = YES;
				CLANG_WARN_EMPTY_BODY = YES;
				CLANG_WARN_ENUM_CONVERSION = YES;
				CLANG_WARN_INFINITE_RECURSION = YES;
				CLANG_WARN_INT_CONVERSION = YES;
				CLANG_WARN_NON_LITERAL_NULL_CONVERSION = YES;
				CLANG_WARN_OBJC_IMPLICIT_RETAIN_SELF = YES;
				CLANG_WARN_OBJC_LITERAL_CONVERSION = YES;
				CLANG_WARN_OBJC_ROOT_CLASS = YES_ERROR;
				CLANG_WARN_RANGE_LOOP_ANALYSIS = YES;
				CLANG_WARN_STRICT_PROTOTYPES = YES;
				CLANG_WARN_SUSPICIOUS_MOVE = YES;
				CLANG_WARN_UNGUARDED_AVAILABILITY = YES_AGGRESSIVE;
				CLANG_WARN_UNREACHABLE_CODE = YES;
				CLANG_WARN__DUPLICATE_METHOD_MATCH = YES;
				CODE_SIGN_IDENTITY = "iPhone Developer";
				COPY_PHASE_STRIP = NO;
				DEBUG_INFORMATION_FORMAT = "dwarf-with-dsym";
				ENABLE_NS_ASSERTIONS = NO;
				ENABLE_STRICT_OBJC_MSGSEND = YES;
				GCC_C_LANGUAGE_STANDARD = gnu11;
				GCC_NO_COMMON_BLOCKS = YES;
				GCC_WARN_64_TO_32_BIT_CONVERSION = YES;
				GCC_WARN_ABOUT_RETURN_TYPE = YES_ERROR;
				GCC_WARN_UNDECLARED_SELECTOR = YES;
				GCC_WARN_UNINITIALIZED_AUTOS = YES_AGGRESSIVE;
				GCC_WARN_UNUSED_FUNCTION = YES;
				GCC_WARN_UNUSED_VARIABLE = YES;
				IPHONEOS_DEPLOYMENT_TARGET = 12.4;
				MTL_ENABLE_DEBUG_INFO = NO;
				MTL_FAST_MATH = YES;
				SDKROOT = iphoneos;
				SWIFT_COMPILATION_MODE = wholemodule;
				SWIFT_OPTIMIZATION_LEVEL = "-O";
				VALIDATE_PRODUCT = YES;
			};
			name = Release;
		};
		8EA24DDA23962E0700A9AC00 /* Debug */ = {
			isa = XCBuildConfiguration;
			buildSettings = {
				ASSETCATALOG_COMPILER_APPICON_NAME = AppIcon;
				CODE_SIGN_STYLE = Automatic;
				INFOPLIST_FILE = FastrAppiOS/Info.plist;
				LD_RUNPATH_SEARCH_PATHS = (
					"$(inherited)",
					"@executable_path/Frameworks",
				);
				PRODUCT_BUNDLE_IDENTIFIER = com.fastr.FastrAppiOS;
				PRODUCT_NAME = "$(TARGET_NAME)";
				SWIFT_VERSION = 5.0;
				TARGETED_DEVICE_FAMILY = "1,2";
			};
			name = Debug;
		};
		8EA24DDB23962E0700A9AC00 /* Release */ = {
			isa = XCBuildConfiguration;
			buildSettings = {
				ASSETCATALOG_COMPILER_APPICON_NAME = AppIcon;
				CODE_SIGN_STYLE = Automatic;
				INFOPLIST_FILE = FastrAppiOS/Info.plist;
				LD_RUNPATH_SEARCH_PATHS = (
					"$(inherited)",
					"@executable_path/Frameworks",
				);
				PRODUCT_BUNDLE_IDENTIFIER = com.fastr.FastrAppiOS;
				PRODUCT_NAME = "$(TARGET_NAME)";
				SWIFT_VERSION = 5.0;
				TARGETED_DEVICE_FAMILY = "1,2";
			};
			name = Release;
		};
/* End XCBuildConfiguration section */

/* Begin XCConfigurationList section */
		8EA24DBE23962E0500A9AC00 /* Build configuration list for PBXProject "FastrAppiOS" */ = {
			isa = XCConfigurationList;
			buildConfigurations = (
				8EA24DD723962E0700A9AC00 /* Debug */,
				8EA24DD823962E0700A9AC00 /* Release */,
			);
			defaultConfigurationIsVisible = 0;
			defaultConfigurationName = Release;
		};
		8EA24DD923962E0700A9AC00 /* Build configuration list for PBXNativeTarget "FastrAppiOS" */ = {
			isa = XCConfigurationList;
			buildConfigurations = (
				8EA24DDA23962E0700A9AC00 /* Debug */,
				8EA24DDB23962E0700A9AC00 /* Release */,
			);
			defaultConfigurationIsVisible = 0;
			defaultConfigurationName = Release;
		};
/* End XCConfigurationList section */
	};
	rootObject = 8EA24DBB23962E0500A9AC00 /* Project object */;
}
